
Microsoft Visual Studio Solution File, Format Version 12.00
# Visual Studio Version 17
VisualStudioVersion = 17.3.32825.248
MinimumVisualStudioVersion = 10.0.40219.1
Project("{FAE04EC0-301F-11D3-BF4B-00C04F79EFBC}") = "Eshop", "Eshop\Eshop.csproj", "{BB87B781-6ED8-4BBF-AE0A-4185831BAC35}"
EndProject
Project("{FAE04EC0-301F-11D3-BF4B-00C04F79EFBC}") = "ClothBazar.Entities", "ClothBazar.Entities\ClothBazar.Entities.csproj", "{6DC7889A-E803-4CE0-A64C-B31A97AD2B45}"
EndProject
Project("{FAE04EC0-301F-11D3-BF4B-00C04F79EFBC}") = "ClothBazar.Database", "ClothBazar.Database\ClothBazar.Database.csproj", "{EF0EB5C0-4CA3-4A02-B1DE-CAAD785AA8D2}"
EndProject
Global
	GlobalSection(SolutionConfigurationPlatforms) = preSolution
		Debug|Any CPU = Debug|Any CPU
		Release|Any CPU = Release|Any CPU
	EndGlobalSection
	GlobalSection(ProjectConfigurationPlatforms) = postSolution
		{BB87B781-6ED8-4BBF-AE0A-4185831BAC35}.Debug|Any CPU.ActiveCfg = Debug|Any CPU
		{BB87B781-6ED8-4BBF-AE0A-4185831BAC35}.Debug|Any CPU.Build.0 = Debug|Any CPU
		{BB87B781-6ED8-4BBF-AE0A-4185831BAC35}.Release|Any CPU.ActiveCfg = Release|Any CPU
		{BB87B781-6ED8-4BBF-AE0A-4185831BAC35}.Release|Any CPU.Build.0 = Release|Any CPU
		{6DC7889A-E803-4CE0-A64C-B31A97AD2B45}.Debug|Any CPU.ActiveCfg = Debug|Any CPU
		{6DC7889A-E803-4CE0-A64C-B31A97AD2B45}.Debug|Any CPU.Build.0 = Debug|Any CPU
		{6DC7889A-E803-4CE0-A64C-B31A97AD2B45}.Release|Any CPU.ActiveCfg = Release|Any CPU
		{6DC7889A-E803-4CE0-A64C-B31A97AD2B45}.Release|Any CPU.Build.0 = Release|Any CPU
		{EF0EB5C0-4CA3-4A02-B1DE-CAAD785AA8D2}.Debug|Any CPU.ActiveCfg = Debug|Any CPU
		{EF0EB5C0-4CA3-4A02-B1DE-CAAD785AA8D2}.Debug|Any CPU.Build.0 = Debug|Any CPU
		{EF0EB5C0-4CA3-4A02-B1DE-CAAD785AA8D2}.Release|Any CPU.ActiveCfg = Release|Any CPU
		{EF0EB5C0-4CA3-4A02-B1DE-CAAD785AA8D2}.Release|Any CPU.Build.0 = Release|Any CPU
	EndGlobalSection
	GlobalSection(SolutionProperties) = preSolution
		HideSolutionNode = FALSE
	EndGlobalSection
	GlobalSection(ExtensibilityGlobals) = postSolution
		SolutionGuid = {E88B1F1D-9CF8-4722-BB89-3B3950B4F57C}
	EndGlobalSection
EndGlobal
